
Microsoft Visual Studio Solution File, Format Version 12.00
# Visual Studio Version 16
VisualStudioVersion = 16.0.29926.136
MinimumVisualStudioVersion = 10.0.40219.1
Project("{2150E333-8FDC-42A3-9474-1A3956D46DE8}") = "Services", "Services", "{25C7D99A-31AB-4C8C-B475-65CB7DE47652}"
EndProject
Project("{2150E333-8FDC-42A3-9474-1A3956D46DE8}") = "WebApps", "WebApps", "{9FE81FD8-E032-4C6F-969D-D71F369E346F}"
EndProject
Project("{2150E333-8FDC-42A3-9474-1A3956D46DE8}") = "Cadastros", "Cadastros", "{095A2EFE-8928-4372-9EFA-51D3AD0E88D8}"
EndProject
Project("{2150E333-8FDC-42A3-9474-1A3956D46DE8}") = "Catalogo", "Catalogo", "{D0F64663-3BA1-48B0-B058-4DEBBB006A55}"
EndProject
Project("{2150E333-8FDC-42A3-9474-1A3956D46DE8}") = "Core", "Core", "{D37CC0D0-5A15-4C68-8CCC-FB57D71A0AF7}"
EndProject
Project("{2150E333-8FDC-42A3-9474-1A3956D46DE8}") = "Fiscal", "Fiscal", "{1841EDFC-4DE6-4610-82E5-8A7F2A2BE4F2}"
EndProject
Project("{2150E333-8FDC-42A3-9474-1A3956D46DE8}") = "Pagamentos", "Pagamentos", "{1073AF26-A375-4D34-A8D7-49E410CC7509}"
EndProject
Project("{2150E333-8FDC-42A3-9474-1A3956D46DE8}") = "Vendas", "Vendas", "{B7C25A60-FD82-4CB7-A630-4F5E5D462BE4}"
EndProject
Project("{9A19103F-16F7-4668-BE54-9A1E7A4F7556}") = "NerdStore.Catalogo.Domain", "src\NerdStore.Catalogo.Domain\NerdStore.Catalogo.Domain.csproj", "{260D8202-7B7E-4159-8CC6-0443DC8B46B3}"
EndProject
Project("{9A19103F-16F7-4668-BE54-9A1E7A4F7556}") = "NerdStore.Core", "src\NerdStore.Core\NerdStore.Core.csproj", "{DC47821F-B98A-4537-BB18-83427210725A}"
EndProject
Project("{2150E333-8FDC-42A3-9474-1A3956D46DE8}") = "Tests", "Tests", "{E38171D8-B26E-4A48-A284-9AAAA78BBF9A}"
EndProject
Project("{9A19103F-16F7-4668-BE54-9A1E7A4F7556}") = "NerdStore.Catalogo.Domain.Tests", "tests\NerdStore.Catalogo.Domain.Tests\NerdStore.Catalogo.Domain.Tests.csproj", "{BC12E7CC-2B2D-46A6-84A4-EFA09D2785B3}"
EndProject
Project("{9A19103F-16F7-4668-BE54-9A1E7A4F7556}") = "NerdStore.Catalogo.Data", "src\NerdStore.Catalogo.Data\NerdStore.Catalogo.Data.csproj", "{89A29824-7A0E-416E-BC72-11766E52458B}"
EndProject
Project("{9A19103F-16F7-4668-BE54-9A1E7A4F7556}") = "NerdStore.Catalogo.Application", "src\NerdStore.Catalogo.Application\NerdStore.Catalogo.Application.csproj", "{47C32685-D1C2-400C-A69F-2AE1D6B5BBD3}"
EndProject
Project("{FAE04EC0-301F-11D3-BF4B-00C04F79EFBC}") = "XUnitTestProject1", "XUnitTestProject1\XUnitTestProject1.csproj", "{CED81BF9-35E0-447B-94B1-6044309EFC2C}"
EndProject
Global
	GlobalSection(SolutionConfigurationPlatforms) = preSolution
		Debug|Any CPU = Debug|Any CPU
		Release|Any CPU = Release|Any CPU
	EndGlobalSection
	GlobalSection(ProjectConfigurationPlatforms) = postSolution
		{260D8202-7B7E-4159-8CC6-0443DC8B46B3}.Debug|Any CPU.ActiveCfg = Debug|Any CPU
		{260D8202-7B7E-4159-8CC6-0443DC8B46B3}.Debug|Any CPU.Build.0 = Debug|Any CPU
		{260D8202-7B7E-4159-8CC6-0443DC8B46B3}.Release|Any CPU.ActiveCfg = Release|Any CPU
		{260D8202-7B7E-4159-8CC6-0443DC8B46B3}.Release|Any CPU.Build.0 = Release|Any CPU
		{DC47821F-B98A-4537-BB18-83427210725A}.Debug|Any CPU.ActiveCfg = Debug|Any CPU
		{DC47821F-B98A-4537-BB18-83427210725A}.Debug|Any CPU.Build.0 = Debug|Any CPU
		{DC47821F-B98A-4537-BB18-83427210725A}.Release|Any CPU.ActiveCfg = Release|Any CPU
		{DC47821F-B98A-4537-BB18-83427210725A}.Release|Any CPU.Build.0 = Release|Any CPU
		{BC12E7CC-2B2D-46A6-84A4-EFA09D2785B3}.Debug|Any CPU.ActiveCfg = Debug|Any CPU
		{BC12E7CC-2B2D-46A6-84A4-EFA09D2785B3}.Debug|Any CPU.Build.0 = Debug|Any CPU
		{BC12E7CC-2B2D-46A6-84A4-EFA09D2785B3}.Release|Any CPU.ActiveCfg = Release|Any CPU
		{BC12E7CC-2B2D-46A6-84A4-EFA09D2785B3}.Release|Any CPU.Build.0 = Release|Any CPU
		{89A29824-7A0E-416E-BC72-11766E52458B}.Debug|Any CPU.ActiveCfg = Debug|Any CPU
		{89A29824-7A0E-416E-BC72-11766E52458B}.Debug|Any CPU.Build.0 = Debug|Any CPU
		{89A29824-7A0E-416E-BC72-11766E52458B}.Release|Any CPU.ActiveCfg = Release|Any CPU
		{89A29824-7A0E-416E-BC72-11766E52458B}.Release|Any CPU.Build.0 = Release|Any CPU
		{47C32685-D1C2-400C-A69F-2AE1D6B5BBD3}.Debug|Any CPU.ActiveCfg = Debug|Any CPU
		{47C32685-D1C2-400C-A69F-2AE1D6B5BBD3}.Debug|Any CPU.Build.0 = Debug|Any CPU
		{47C32685-D1C2-400C-A69F-2AE1D6B5BBD3}.Release|Any CPU.ActiveCfg = Release|Any CPU
		{47C32685-D1C2-400C-A69F-2AE1D6B5BBD3}.Release|Any CPU.Build.0 = Release|Any CPU
		{CED81BF9-35E0-447B-94B1-6044309EFC2C}.Debug|Any CPU.ActiveCfg = Debug|Any CPU
		{CED81BF9-35E0-447B-94B1-6044309EFC2C}.Debug|Any CPU.Build.0 = Debug|Any CPU
		{CED81BF9-35E0-447B-94B1-6044309EFC2C}.Release|Any CPU.ActiveCfg = Release|Any CPU
		{CED81BF9-35E0-447B-94B1-6044309EFC2C}.Release|Any CPU.Build.0 = Release|Any CPU
	EndGlobalSection
	GlobalSection(SolutionProperties) = preSolution
		HideSolutionNode = FALSE
	EndGlobalSection
	GlobalSection(NestedProjects) = preSolution
		{095A2EFE-8928-4372-9EFA-51D3AD0E88D8} = {25C7D99A-31AB-4C8C-B475-65CB7DE47652}
		{D0F64663-3BA1-48B0-B058-4DEBBB006A55} = {25C7D99A-31AB-4C8C-B475-65CB7DE47652}
		{D37CC0D0-5A15-4C68-8CCC-FB57D71A0AF7} = {25C7D99A-31AB-4C8C-B475-65CB7DE47652}
		{1841EDFC-4DE6-4610-82E5-8A7F2A2BE4F2} = {25C7D99A-31AB-4C8C-B475-65CB7DE47652}
		{1073AF26-A375-4D34-A8D7-49E410CC7509} = {25C7D99A-31AB-4C8C-B475-65CB7DE47652}
		{B7C25A60-FD82-4CB7-A630-4F5E5D462BE4} = {25C7D99A-31AB-4C8C-B475-65CB7DE47652}
		{260D8202-7B7E-4159-8CC6-0443DC8B46B3} = {D0F64663-3BA1-48B0-B058-4DEBBB006A55}
		{DC47821F-B98A-4537-BB18-83427210725A} = {D37CC0D0-5A15-4C68-8CCC-FB57D71A0AF7}
		{E38171D8-B26E-4A48-A284-9AAAA78BBF9A} = {D0F64663-3BA1-48B0-B058-4DEBBB006A55}
		{BC12E7CC-2B2D-46A6-84A4-EFA09D2785B3} = {E38171D8-B26E-4A48-A284-9AAAA78BBF9A}
		{89A29824-7A0E-416E-BC72-11766E52458B} = {D0F64663-3BA1-48B0-B058-4DEBBB006A55}
		{47C32685-D1C2-400C-A69F-2AE1D6B5BBD3} = {D0F64663-3BA1-48B0-B058-4DEBBB006A55}
	EndGlobalSection
	GlobalSection(ExtensibilityGlobals) = postSolution
		SolutionGuid = {A0E46636-658C-4DF4-9841-0A4889164DC0}
	EndGlobalSection
EndGlobal
